// !$*UTF8*$!
{
	archiveVersion = 1;
	classes = {
	};
	objectVersion = 46;
	objects = {

/* Begin PBXBuildFile section */
		B5168D801DB7CA8000D6BAF0 /* PageTitleView.swift in Sources */ = {isa = PBXBuildFile; fileRef = B5168D7F1DB7CA8000D6BAF0 /* PageTitleView.swift */; };
		B5168D821DB7CEF000D6BAF0 /* Common.swift in Sources */ = {isa = PBXBuildFile; fileRef = B5168D811DB7CEF000D6BAF0 /* Common.swift */; };
		B5168D841DB7D03900D6BAF0 /* UIColor-Extension.swift in Sources */ = {isa = PBXBuildFile; fileRef = B5168D831DB7D03900D6BAF0 /* UIColor-Extension.swift */; };
		B54FC0C51DB508E200CE1C20 /* AppDelegate.swift in Sources */ = {isa = PBXBuildFile; fileRef = B54FC0C41DB508E200CE1C20 /* AppDelegate.swift */; };
		B54FC0CC1DB508E200CE1C20 /* Assets.xcassets in Resources */ = {isa = PBXBuildFile; fileRef = B54FC0CB1DB508E200CE1C20 /* Assets.xcassets */; };
		B54FC0CF1DB508E200CE1C20 /* LaunchScreen.storyboard in Resources */ = {isa = PBXBuildFile; fileRef = B54FC0CD1DB508E200CE1C20 /* LaunchScreen.storyboard */; };
		B54FC0DA1DB508E200CE1C20 /* LXXZBTests.swift in Sources */ = {isa = PBXBuildFile; fileRef = B54FC0D91DB508E200CE1C20 /* LXXZBTests.swift */; };
		B54FC0E51DB508E200CE1C20 /* LXXZBUITests.swift in Sources */ = {isa = PBXBuildFile; fileRef = B54FC0E41DB508E200CE1C20 /* LXXZBUITests.swift */; };
		B59708251DB52A1900DBB50F /* MainViewController.swift in Sources */ = {isa = PBXBuildFile; fileRef = B59708221DB52A1900DBB50F /* MainViewController.swift */; };
		B597082A1DB52B1900DBB50F /* Profile.storyboard in Resources */ = {isa = PBXBuildFile; fileRef = B59708271DB52B1900DBB50F /* Profile.storyboard */; };
		B597082F1DB52B4200DBB50F /* Live.storyboard in Resources */ = {isa = PBXBuildFile; fileRef = B597082C1DB52B4200DBB50F /* Live.storyboard */; };
		B59708341DB52B6100DBB50F /* Follow.storyboard in Resources */ = {isa = PBXBuildFile; fileRef = B59708311DB52B6100DBB50F /* Follow.storyboard */; };
		B59708361DB52B8700DBB50F /* Home.storyboard in Resources */ = {isa = PBXBuildFile; fileRef = B59708351DB52B8700DBB50F /* Home.storyboard */; };
		B59708381DB52BBE00DBB50F /* Main.storyboard in Resources */ = {isa = PBXBuildFile; fileRef = B59708371DB52BBE00DBB50F /* Main.storyboard */; };
		B597083A1DB52D1B00DBB50F /* HomeViewController.swift in Sources */ = {isa = PBXBuildFile; fileRef = B59708391DB52D1B00DBB50F /* HomeViewController.swift */; };
		B5B2E6521DB67DC3002E0AF5 /* UIBarButtonItem-Extension.swift in Sources */ = {isa = PBXBuildFile; fileRef = B5B2E6511DB67DC3002E0AF5 /* UIBarButtonItem-Extension.swift */; };
/* End PBXBuildFile section */

/* Begin PBXContainerItemProxy section */
		B54FC0D61DB508E200CE1C20 /* PBXContainerItemProxy */ = {
			isa = PBXContainerItemProxy;
			containerPortal = B54FC0B91DB508E200CE1C20 /* Project object */;
			proxyType = 1;
			remoteGlobalIDString = B54FC0C01DB508E200CE1C20;
			remoteInfo = LXXZB;
		};
		B54FC0E11DB508E200CE1C20 /* PBXContainerItemProxy */ = {
			isa = PBXContainerItemProxy;
			containerPortal = B54FC0B91DB508E200CE1C20 /* Project object */;
			proxyType = 1;
			remoteGlobalIDString = B54FC0C01DB508E200CE1C20;
			remoteInfo = LXXZB;
		};
/* End PBXContainerItemProxy section */

/* Begin PBXFileReference section */
		B5168D7F1DB7CA8000D6BAF0 /* PageTitleView.swift */ = {isa = PBXFileReference; fileEncoding = 4; lastKnownFileType = sourcecode.swift; name = PageTitleView.swift; path = ../../Home/Controller/PageTitleView.swift; sourceTree = "<group>"; };
		B5168D811DB7CEF000D6BAF0 /* Common.swift */ = {isa = PBXFileReference; fileEncoding = 4; lastKnownFileType = sourcecode.swift; path = Common.swift; sourceTree = "<group>"; };
		B5168D831DB7D03900D6BAF0 /* UIColor-Extension.swift */ = {isa = PBXFileReference; fileEncoding = 4; lastKnownFileType = sourcecode.swift; path = "UIColor-Extension.swift"; sourceTree = "<group>"; };
		B54FC0C11DB508E200CE1C20 /* LXXZB.app */ = {isa = PBXFileReference; explicitFileType = wrapper.application; includeInIndex = 0; path = LXXZB.app; sourceTree = BUILT_PRODUCTS_DIR; };
		B54FC0C41DB508E200CE1C20 /* AppDelegate.swift */ = {isa = PBXFileReference; lastKnownFileType = sourcecode.swift; path = AppDelegate.swift; sourceTree = "<group>"; };
		B54FC0CB1DB508E200CE1C20 /* Assets.xcassets */ = {isa = PBXFileReference; lastKnownFileType = folder.assetcatalog; path = Assets.xcassets; sourceTree = "<group>"; };
		B54FC0CE1DB508E200CE1C20 /* Base */ = {isa = PBXFileReference; lastKnownFileType = file.storyboard; name = Base; path = Base.lproj/LaunchScreen.storyboard; sourceTree = "<group>"; };
		B54FC0D01DB508E200CE1C20 /* Info.plist */ = {isa = PBXFileReference; lastKnownFileType = text.plist.xml; path = Info.plist; sourceTree = "<group>"; };
		B54FC0D51DB508E200CE1C20 /* LXXZBTests.xctest */ = {isa = PBXFileReference; explicitFileType = wrapper.cfbundle; includeInIndex = 0; path = LXXZBTests.xctest; sourceTree = BUILT_PRODUCTS_DIR; };
		B54FC0D91DB508E200CE1C20 /* LXXZBTests.swift */ = {isa = PBXFileReference; lastKnownFileType = sourcecode.swift; path = LXXZBTests.swift; sourceTree = "<group>"; };
		B54FC0DB1DB508E200CE1C20 /* Info.plist */ = {isa = PBXFileReference; lastKnownFileType = text.plist.xml; path = Info.plist; sourceTree = "<group>"; };
		B54FC0E01DB508E200CE1C20 /* LXXZBUITests.xctest */ = {isa = PBXFileReference; explicitFileType = wrapper.cfbundle; includeInIndex = 0; path = LXXZBUITests.xctest; sourceTree = BUILT_PRODUCTS_DIR; };
		B54FC0E41DB508E200CE1C20 /* LXXZBUITests.swift */ = {isa = PBXFileReference; lastKnownFileType = sourcecode.swift; path = LXXZBUITests.swift; sourceTree = "<group>"; };
		B54FC0E61DB508E200CE1C20 /* Info.plist */ = {isa = PBXFileReference; lastKnownFileType = text.plist.xml; path = Info.plist; sourceTree = "<group>"; };
		B59708221DB52A1900DBB50F /* MainViewController.swift */ = {isa = PBXFileReference; fileEncoding = 4; lastKnownFileType = sourcecode.swift; path = MainViewController.swift; sourceTree = "<group>"; };
		B59708271DB52B1900DBB50F /* Profile.storyboard */ = {isa = PBXFileReference; fileEncoding = 4; lastKnownFileType = file.storyboard; path = Profile.storyboard; sourceTree = "<group>"; };
		B597082C1DB52B4200DBB50F /* Live.storyboard */ = {isa = PBXFileReference; fileEncoding = 4; lastKnownFileType = file.storyboard; path = Live.storyboard; sourceTree = "<group>"; };
		B59708311DB52B6100DBB50F /* Follow.storyboard */ = {isa = PBXFileReference; fileEncoding = 4; lastKnownFileType = file.storyboard; path = Follow.storyboard; sourceTree = "<group>"; };
		B59708351DB52B8700DBB50F /* Home.storyboard */ = {isa = PBXFileReference; fileEncoding = 4; lastKnownFileType = file.storyboard; path = Home.storyboard; sourceTree = "<group>"; };
		B59708371DB52BBE00DBB50F /* Main.storyboard */ = {isa = PBXFileReference; fileEncoding = 4; lastKnownFileType = file.storyboard; path = Main.storyboard; sourceTree = "<group>"; };
		B59708391DB52D1B00DBB50F /* HomeViewController.swift */ = {isa = PBXFileReference; fileEncoding = 4; lastKnownFileType = sourcecode.swift; path = HomeViewController.swift; sourceTree = "<group>"; };
		B5B2E6511DB67DC3002E0AF5 /* UIBarButtonItem-Extension.swift */ = {isa = PBXFileReference; fileEncoding = 4; lastKnownFileType = sourcecode.swift; path = "UIBarButtonItem-Extension.swift"; sourceTree = "<group>"; };
/* End PBXFileReference section */

/* Begin PBXFrameworksBuildPhase section */
		B54FC0BE1DB508E200CE1C20 /* Frameworks */ = {
			isa = PBXFrameworksBuildPhase;
			buildActionMask = 2147483647;
			files = (
			);
			runOnlyForDeploymentPostprocessing = 0;
		};
		B54FC0D21DB508E200CE1C20 /* Frameworks */ = {
			isa = PBXFrameworksBuildPhase;
			buildActionMask = 2147483647;
			files = (
			);
			runOnlyForDeploymentPostprocessing = 0;
		};
		B54FC0DD1DB508E200CE1C20 /* Frameworks */ = {
			isa = PBXFrameworksBuildPhase;
			buildActionMask = 2147483647;
			files = (
			);
			runOnlyForDeploymentPostprocessing = 0;
		};
/* End PBXFrameworksBuildPhase section */

/* Begin PBXGroup section */
		B54FC0B81DB508E200CE1C20 = {
			isa = PBXGroup;
			children = (
				B54FC0C31DB508E200CE1C20 /* LXXZB */,
				B54FC0D81DB508E200CE1C20 /* LXXZBTests */,
				B54FC0E31DB508E200CE1C20 /* LXXZBUITests */,
				B54FC0C21DB508E200CE1C20 /* Products */,
			);
			sourceTree = "<group>";
		};
		B54FC0C21DB508E200CE1C20 /* Products */ = {
			isa = PBXGroup;
			children = (
				B54FC0C11DB508E200CE1C20 /* LXXZB.app */,
				B54FC0D51DB508E200CE1C20 /* LXXZBTests.xctest */,
				B54FC0E01DB508E200CE1C20 /* LXXZBUITests.xctest */,
			);
			name = Products;
			sourceTree = "<group>";
		};
		B54FC0C31DB508E200CE1C20 /* LXXZB */ = {
			isa = PBXGroup;
			children = (
				B597080B1DB5157F00DBB50F /* Classes */,
				B54FC0C41DB508E200CE1C20 /* AppDelegate.swift */,
				B54FC0CB1DB508E200CE1C20 /* Assets.xcassets */,
				B54FC0CD1DB508E200CE1C20 /* LaunchScreen.storyboard */,
				B54FC0D01DB508E200CE1C20 /* Info.plist */,
			);
			path = LXXZB;
			sourceTree = "<group>";
		};
		B54FC0D81DB508E200CE1C20 /* LXXZBTests */ = {
			isa = PBXGroup;
			children = (
				B54FC0D91DB508E200CE1C20 /* LXXZBTests.swift */,
				B54FC0DB1DB508E200CE1C20 /* Info.plist */,
			);
			path = LXXZBTests;
			sourceTree = "<group>";
		};
		B54FC0E31DB508E200CE1C20 /* LXXZBUITests */ = {
			isa = PBXGroup;
			children = (
				B54FC0E41DB508E200CE1C20 /* LXXZBUITests.swift */,
				B54FC0E61DB508E200CE1C20 /* Info.plist */,
			);
			path = LXXZBUITests;
			sourceTree = "<group>";
		};
		B597080B1DB5157F00DBB50F /* Classes */ = {
			isa = PBXGroup;
			children = (
				B597080F1DB5157F00DBB50F /* Main */,
				B597080D1DB5157F00DBB50F /* Home */,
				B597080E1DB5157F00DBB50F /* Live */,
				B597080C1DB5157F00DBB50F /* Follow */,
				B59708101DB5157F00DBB50F /* Profile */,
				B59708111DB5157F00DBB50F /* Tools */,
			);
			path = Classes;
			sourceTree = "<group>";
		};
		B597080C1DB5157F00DBB50F /* Follow */ = {
			isa = PBXGroup;
			children = (
				B59708301DB52B6100DBB50F /* Controller */,
				B59708321DB52B6100DBB50F /* Model */,
				B59708331DB52B6100DBB50F /* View */,
			);
			path = Follow;
			sourceTree = "<group>";
		};
		B597080D1DB5157F00DBB50F /* Home */ = {
			isa = PBXGroup;
			children = (
				B597081E1DB5299E00DBB50F /* Controller */,
				B597081F1DB5299E00DBB50F /* Model */,
				B59708201DB5299E00DBB50F /* View */,
			);
			path = Home;
			sourceTree = "<group>";
		};
		B597080E1DB5157F00DBB50F /* Live */ = {
			isa = PBXGroup;
			children = (
				B597082B1DB52B4200DBB50F /* Controller */,
				B597082D1DB52B4200DBB50F /* Model */,
				B597082E1DB52B4200DBB50F /* View */,
			);
			path = Live;
			sourceTree = "<group>";
		};
		B597080F1DB5157F00DBB50F /* Main */ = {
			isa = PBXGroup;
			children = (
				B59708211DB52A1900DBB50F /* Controller */,
				B59708231DB52A1900DBB50F /* Model */,
				B59708241DB52A1900DBB50F /* View */,
			);
			path = Main;
			sourceTree = "<group>";
		};
		B59708101DB5157F00DBB50F /* Profile */ = {
			isa = PBXGroup;
			children = (
				B59708261DB52B1900DBB50F /* Controller */,
				B59708281DB52B1900DBB50F /* Model */,
				B59708291DB52B1900DBB50F /* View */,
			);
			path = Profile;
			sourceTree = "<group>";
		};
		B59708111DB5157F00DBB50F /* Tools */ = {
			isa = PBXGroup;
			children = (
				B5B2E6501DB67D09002E0AF5 /* Extension */,
				B5168D811DB7CEF000D6BAF0 /* Common.swift */,
			);
			path = Tools;
			sourceTree = "<group>";
		};
		B597081E1DB5299E00DBB50F /* Controller */ = {
			isa = PBXGroup;
			children = (
				B59708351DB52B8700DBB50F /* Home.storyboard */,
				B59708391DB52D1B00DBB50F /* HomeViewController.swift */,
			);
			path = Controller;
			sourceTree = "<group>";
		};
		B597081F1DB5299E00DBB50F /* Model */ = {
			isa = PBXGroup;
			children = (
			);
			path = Model;
			sourceTree = "<group>";
		};
		B59708201DB5299E00DBB50F /* View */ = {
			isa = PBXGroup;
			children = (
			);
			path = View;
			sourceTree = "<group>";
		};
		B59708211DB52A1900DBB50F /* Controller */ = {
			isa = PBXGroup;
			children = (
				B59708371DB52BBE00DBB50F /* Main.storyboard */,
				B59708221DB52A1900DBB50F /* MainViewController.swift */,
			);
			path = Controller;
			sourceTree = "<group>";
		};
		B59708231DB52A1900DBB50F /* Model */ = {
			isa = PBXGroup;
			children = (
			);
			path = Model;
			sourceTree = "<group>";
		};
		B59708241DB52A1900DBB50F /* View */ = {
			isa = PBXGroup;
			children = (
				B5168D7F1DB7CA8000D6BAF0 /* PageTitleView.swift */,
			);
			path = View;
			sourceTree = "<group>";
		};
		B59708261DB52B1900DBB50F /* Controller */ = {
			isa = PBXGroup;
			children = (
				B59708271DB52B1900DBB50F /* Profile.storyboard */,
			);
			path = Controller;
			sourceTree = "<group>";
		};
		B59708281DB52B1900DBB50F /* Model */ = {
			isa = PBXGroup;
			children = (
			);
			path = Model;
			sourceTree = "<group>";
		};
		B59708291DB52B1900DBB50F /* View */ = {
			isa = PBXGroup;
			children = (
			);
			path = View;
			sourceTree = "<group>";
		};
		B597082B1DB52B4200DBB50F /* Controller */ = {
			isa = PBXGroup;
			children = (
				B597082C1DB52B4200DBB50F /* Live.storyboard */,
			);
			path = Controller;
			sourceTree = "<group>";
		};
		B597082D1DB52B4200DBB50F /* Model */ = {
			isa = PBXGroup;
			children = (
			);
			path = Model;
			sourceTree = "<group>";
		};
		B597082E1DB52B4200DBB50F /* View */ = {
			isa = PBXGroup;
			children = (
			);
			path = View;
			sourceTree = "<group>";
		};
		B59708301DB52B6100DBB50F /* Controller */ = {
			isa = PBXGroup;
			children = (
				B59708311DB52B6100DBB50F /* Follow.storyboard */,
			);
			path = Controller;
			sourceTree = "<group>";
		};
		B59708321DB52B6100DBB50F /* Model */ = {
			isa = PBXGroup;
			children = (
			);
			path = Model;
			sourceTree = "<group>";
		};
		B59708331DB52B6100DBB50F /* View */ = {
			isa = PBXGroup;
			children = (
			);
			path = View;
			sourceTree = "<group>";
		};
		B5B2E6501DB67D09002E0AF5 /* Extension */ = {
			isa = PBXGroup;
			children = (
				B5B2E6511DB67DC3002E0AF5 /* UIBarButtonItem-Extension.swift */,
				B5168D831DB7D03900D6BAF0 /* UIColor-Extension.swift */,
			);
			path = Extension;
			sourceTree = "<group>";
		};
/* End PBXGroup section */

/* Begin PBXNativeTarget section */
		B54FC0C01DB508E200CE1C20 /* LXXZB */ = {
			isa = PBXNativeTarget;
			buildConfigurationList = B54FC0E91DB508E200CE1C20 /* Build configuration list for PBXNativeTarget "LXXZB" */;
			buildPhases = (
				B54FC0BD1DB508E200CE1C20 /* Sources */,
				B54FC0BE1DB508E200CE1C20 /* Frameworks */,
				B54FC0BF1DB508E200CE1C20 /* Resources */,
			);
			buildRules = (
			);
			dependencies = (
			);
			name = LXXZB;
			productName = LXXZB;
			productReference = B54FC0C11DB508E200CE1C20 /* LXXZB.app */;
			productType = "com.apple.product-type.application";
		};
		B54FC0D41DB508E200CE1C20 /* LXXZBTests */ = {
			isa = PBXNativeTarget;
			buildConfigurationList = B54FC0EC1DB508E200CE1C20 /* Build configuration list for PBXNativeTarget "LXXZBTests" */;
			buildPhases = (
				B54FC0D11DB508E200CE1C20 /* Sources */,
				B54FC0D21DB508E200CE1C20 /* Frameworks */,
				B54FC0D31DB508E200CE1C20 /* Resources */,
			);
			buildRules = (
			);
			dependencies = (
				B54FC0D71DB508E200CE1C20 /* PBXTargetDependency */,
			);
			name = LXXZBTests;
			productName = LXXZBTests;
			productReference = B54FC0D51DB508E200CE1C20 /* LXXZBTests.xctest */;
			productType = "com.apple.product-type.bundle.unit-test";
		};
		B54FC0DF1DB508E200CE1C20 /* LXXZBUITests */ = {
			isa = PBXNativeTarget;
			buildConfigurationList = B54FC0EF1DB508E200CE1C20 /* Build configuration list for PBXNativeTarget "LXXZBUITests" */;
			buildPhases = (
				B54FC0DC1DB508E200CE1C20 /* Sources */,
				B54FC0DD1DB508E200CE1C20 /* Frameworks */,
				B54FC0DE1DB508E200CE1C20 /* Resources */,
			);
			buildRules = (
			);
			dependencies = (
				B54FC0E21DB508E200CE1C20 /* PBXTargetDependency */,
			);
			name = LXXZBUITests;
			productName = LXXZBUITests;
			productReference = B54FC0E01DB508E200CE1C20 /* LXXZBUITests.xctest */;
			productType = "com.apple.product-type.bundle.ui-testing";
		};
/* End PBXNativeTarget section */

/* Begin PBXProject section */
		B54FC0B91DB508E200CE1C20 /* Project object */ = {
			isa = PBXProject;
			attributes = {
				LastSwiftUpdateCheck = 0800;
				LastUpgradeCheck = 0800;
				ORGANIZATIONNAME = lixiaoxin;
				TargetAttributes = {
					B54FC0C01DB508E200CE1C20 = {
						CreatedOnToolsVersion = 8.0;
						DevelopmentTeam = H37X2GCB45;
						ProvisioningStyle = Automatic;
					};
					B54FC0D41DB508E200CE1C20 = {
						CreatedOnToolsVersion = 8.0;
						ProvisioningStyle = Automatic;
						TestTargetID = B54FC0C01DB508E200CE1C20;
					};
					B54FC0DF1DB508E200CE1C20 = {
						CreatedOnToolsVersion = 8.0;
						ProvisioningStyle = Automatic;
						TestTargetID = B54FC0C01DB508E200CE1C20;
					};
				};
			};
			buildConfigurationList = B54FC0BC1DB508E200CE1C20 /* Build configuration list for PBXProject "LXXZB" */;
			compatibilityVersion = "Xcode 3.2";
			developmentRegion = English;
			hasScannedForEncodings = 0;
			knownRegions = (
				en,
				Base,
			);
			mainGroup = B54FC0B81DB508E200CE1C20;
			productRefGroup = B54FC0C21DB508E200CE1C20 /* Products */;
			projectDirPath = "";
			projectRoot = "";
			targets = (
				B54FC0C01DB508E200CE1C20 /* LXXZB */,
				B54FC0D41DB508E200CE1C20 /* LXXZBTests */,
				B54FC0DF1DB508E200CE1C20 /* LXXZBUITests */,
			);
		};
/* End PBXProject section */

/* Begin PBXResourcesBuildPhase section */
		B54FC0BF1DB508E200CE1C20 /* Resources */ = {
			isa = PBXResourcesBuildPhase;
			buildActionMask = 2147483647;
			files = (
				B59708381DB52BBE00DBB50F /* Main.storyboard in Resources */,
				B59708361DB52B8700DBB50F /* Home.storyboard in Resources */,
				B54FC0CF1DB508E200CE1C20 /* LaunchScreen.storyboard in Resources */,
				B54FC0CC1DB508E200CE1C20 /* Assets.xcassets in Resources */,
				B59708341DB52B6100DBB50F /* Follow.storyboard in Resources */,
				B597082A1DB52B1900DBB50F /* Profile.storyboard in Resources */,
				B597082F1DB52B4200DBB50F /* Live.storyboard in Resources */,
			);
			runOnlyForDeploymentPostprocessing = 0;
		};
		B54FC0D31DB508E200CE1C20 /* Resources */ = {
			isa = PBXResourcesBuildPhase;
			buildActionMask = 2147483647;
			files = (
			);
			runOnlyForDeploymentPostprocessing = 0;
		};
		B54FC0DE1DB508E200CE1C20 /* Resources */ = {
			isa = PBXResourcesBuildPhase;
			buildActionMask = 2147483647;
			files = (
			);
			runOnlyForDeploymentPostprocessing = 0;
		};
/* End PBXResourcesBuildPhase section */

/* Begin PBXSourcesBuildPhase section */
		B54FC0BD1DB508E200CE1C20 /* Sources */ = {
			isa = PBXSourcesBuildPhase;
			buildActionMask = 2147483647;
			files = (
				B54FC0C51DB508E200CE1C20 /* AppDelegate.swift in Sources */,
				B59708251DB52A1900DBB50F /* MainViewController.swift in Sources */,
				B5168D801DB7CA8000D6BAF0 /* PageTitleView.swift in Sources */,
				B5B2E6521DB67DC3002E0AF5 /* UIBarButtonItem-Extension.swift in Sources */,
				B5168D821DB7CEF000D6BAF0 /* Common.swift in Sources */,
				B5168D841DB7D03900D6BAF0 /* UIColor-Extension.swift in Sources */,
				B597083A1DB52D1B00DBB50F /* HomeViewController.swift in Sources */,
			);
			runOnlyForDeploymentPostprocessing = 0;
		};
		B54FC0D11DB508E200CE1C20 /* Sources */ = {
			isa = PBXSourcesBuildPhase;
			buildActionMask = 2147483647;
			files = (
				B54FC0DA1DB508E200CE1C20 /* LXXZBTests.swift in Sources */,
			);
			runOnlyForDeploymentPostprocessing = 0;
		};
		B54FC0DC1DB508E200CE1C20 /* Sources */ = {
			isa = PBXSourcesBuildPhase;
			buildActionMask = 2147483647;
			files = (
				B54FC0E51DB508E200CE1C20 /* LXXZBUITests.swift in Sources */,
			);
			runOnlyForDeploymentPostprocessing = 0;
		};
/* End PBXSourcesBuildPhase section */

/* Begin PBXTargetDependency section */
		B54FC0D71DB508E200CE1C20 /* PBXTargetDependency */ = {
			isa = PBXTargetDependency;
			target = B54FC0C01DB508E200CE1C20 /* LXXZB */;
			targetProxy = B54FC0D61DB508E200CE1C20 /* PBXContainerItemProxy */;
		};
		B54FC0E21DB508E200CE1C20 /* PBXTargetDependency */ = {
			isa = PBXTargetDependency;
			target = B54FC0C01DB508E200CE1C20 /* LXXZB */;
			targetProxy = B54FC0E11DB508E200CE1C20 /* PBXContainerItemProxy */;
		};
/* End PBXTargetDependency section */

/* Begin PBXVariantGroup section */
		B54FC0CD1DB508E200CE1C20 /* LaunchScreen.storyboard */ = {
			isa = PBXVariantGroup;
			children = (
				B54FC0CE1DB508E200CE1C20 /* Base */,
			);
			name = LaunchScreen.storyboard;
			sourceTree = "<group>";
		};
/* End PBXVariantGroup section */

/* Begin XCBuildConfiguration section */
		B54FC0E71DB508E200CE1C20 /* Debug */ = {
			isa = XCBuildConfiguration;
			buildSettings = {
				ALWAYS_SEARCH_USER_PATHS = NO;
				CLANG_ANALYZER_NONNULL = YES;
				CLANG_CXX_LANGUAGE_STANDARD = "gnu++0x";
				CLANG_CXX_LIBRARY = "libc++";
				CLANG_ENABLE_MODULES = YES;
				CLANG_ENABLE_OBJC_ARC = YES;
				CLANG_WARN_BOOL_CONVERSION = YES;
				CLANG_WARN_CONSTANT_CONVERSION = YES;
				CLANG_WARN_DIRECT_OBJC_ISA_USAGE = YES_ERROR;
				CLANG_WARN_DOCUMENTATION_COMMENTS = YES;
				CLANG_WARN_EMPTY_BODY = YES;
				CLANG_WARN_ENUM_CONVERSION = YES;
				CLANG_WARN_INFINITE_RECURSION = YES;
				CLANG_WARN_INT_CONVERSION = YES;
				CLANG_WARN_OBJC_ROOT_CLASS = YES_ERROR;
				CLANG_WARN_SUSPICIOUS_MOVES = YES;
				CLANG_WARN_UNREACHABLE_CODE = YES;
				CLANG_WARN__DUPLICATE_METHOD_MATCH = YES;
				"CODE_SIGN_IDENTITY[sdk=iphoneos*]" = "iPhone Developer";
				COPY_PHASE_STRIP = NO;
				DEBUG_INFORMATION_FORMAT = dwarf;
				ENABLE_STRICT_OBJC_MSGSEND = YES;
				ENABLE_TESTABILITY = YES;
				GCC_C_LANGUAGE_STANDARD = gnu99;
				GCC_DYNAMIC_NO_PIC = NO;
				GCC_NO_COMMON_BLOCKS = YES;
				GCC_OPTIMIZATION_LEVEL = 0;
				GCC_PREPROCESSOR_DEFINITIONS = (
					"DEBUG=1",
					"$(inherited)",
				);
				GCC_WARN_64_TO_32_BIT_CONVERSION = YES;
				GCC_WARN_ABOUT_RETURN_TYPE = YES_ERROR;
				GCC_WARN_UNDECLARED_SELECTOR = YES;
				GCC_WARN_UNINITIALIZED_AUTOS = YES_AGGRESSIVE;
				GCC_WARN_UNUSED_FUNCTION = YES;
				GCC_WARN_UNUSED_VARIABLE = YES;
				IPHONEOS_DEPLOYMENT_TARGET = 10.0;
				MTL_ENABLE_DEBUG_INFO = YES;
				ONLY_ACTIVE_ARCH = YES;
				SDKROOT = iphoneos;
				SWIFT_ACTIVE_COMPILATION_CONDITIONS = DEBUG;
				SWIFT_OPTIMIZATION_LEVEL = "-Onone";
				TARGETED_DEVICE_FAMILY = "1,2";
			};
			name = Debug;
		};
		B54FC0E81DB508E200CE1C20 /* Release */ = {
			isa = XCBuildConfiguration;
			buildSettings = {
				ALWAYS_SEARCH_USER_PATHS = NO;
				CLANG_ANALYZER_NONNULL = YES;
				CLANG_CXX_LANGUAGE_STANDARD = "gnu++0x";
				CLANG_CXX_LIBRARY = "libc++";
				CLANG_ENABLE_MODULES = YES;
				CLANG_ENABLE_OBJC_ARC = YES;
				CLANG_WARN_BOOL_CONVERSION = YES;
				CLANG_WARN_CONSTANT_CONVERSION = YES;
				CLANG_WARN_DIRECT_OBJC_ISA_USAGE = YES_ERROR;
				CLANG_WARN_DOCUMENTATION_COMMENTS = YES;
				CLANG_WARN_EMPTY_BODY = YES;
				CLANG_WARN_ENUM_CONVERSION = YES;
				CLANG_WARN_INFINITE_RECURSION = YES;
				CLANG_WARN_INT_CONVERSION = YES;
				CLANG_WARN_OBJC_ROOT_CLASS = YES_ERROR;
				CLANG_WARN_SUSPICIOUS_MOVES = YES;
				CLANG_WARN_UNREACHABLE_CODE = YES;
				CLANG_WARN__DUPLICATE_METHOD_MATCH = YES;
				"CODE_SIGN_IDENTITY[sdk=iphoneos*]" = "iPhone Developer";
				COPY_PHASE_STRIP = NO;
				DEBUG_INFORMATION_FORMAT = "dwarf-with-dsym";
				ENABLE_NS_ASSERTIONS = NO;
				ENABLE_STRICT_OBJC_MSGSEND = YES;
				GCC_C_LANGUAGE_STANDARD = gnu99;
				GCC_NO_COMMON_BLOCKS = YES;
				GCC_WARN_64_TO_32_BIT_CONVERSION = YES;
				GCC_WARN_ABOUT_RETURN_TYPE = YES_ERROR;
				GCC_WARN_UNDECLARED_SELECTOR = YES;
				GCC_WARN_UNINITIALIZED_AUTOS = YES_AGGRESSIVE;
				GCC_WARN_UNUSED_FUNCTION = YES;
				GCC_WARN_UNUSED_VARIABLE = YES;
				IPHONEOS_DEPLOYMENT_TARGET = 10.0;
				MTL_ENABLE_DEBUG_INFO = NO;
				SDKROOT = iphoneos;
				SWIFT_OPTIMIZATION_LEVEL = "-Owholemodule";
				TARGETED_DEVICE_FAMILY = "1,2";
				VALIDATE_PRODUCT = YES;
			};
			name = Release;
		};
		B54FC0EA1DB508E200CE1C20 /* Debug */ = {
			isa = XCBuildConfiguration;
			buildSettings = {
				ASSETCATALOG_COMPILER_APPICON_NAME = AppIcon;
				ASSETCATALOG_COMPILER_LAUNCHIMAGE_NAME = "Brand Assets";
				DEVELOPMENT_TEAM = H37X2GCB45;
				INFOPLIST_FILE = LXXZB/Info.plist;
				IPHONEOS_DEPLOYMENT_TARGET = 8.0;
				LD_RUNPATH_SEARCH_PATHS = "$(inherited) @executable_path/Frameworks";
				PRODUCT_BUNDLE_IDENTIFIER = lxx.LXXZB;
				PRODUCT_NAME = "$(TARGET_NAME)";
				SWIFT_VERSION = 3.0;
			};
			name = Debug;
		};
		B54FC0EB1DB508E200CE1C20 /* Release */ = {
			isa = XCBuildConfiguration;
			buildSettings = {
				ASSETCATALOG_COMPILER_APPICON_NAME = AppIcon;
				ASSETCATALOG_COMPILER_LAUNCHIMAGE_NAME = "Brand Assets";
				DEVELOPMENT_TEAM = H37X2GCB45;
				INFOPLIST_FILE = LXXZB/Info.plist;
				IPHONEOS_DEPLOYMENT_TARGET = 8.0;
				LD_RUNPATH_SEARCH_PATHS = "$(inherited) @executable_path/Frameworks";
				PRODUCT_BUNDLE_IDENTIFIER = lxx.LXXZB;
				PRODUCT_NAME = "$(TARGET_NAME)";
				SWIFT_VERSION = 3.0;
			};
			name = Release;
		};
		B54FC0ED1DB508E200CE1C20 /* Debug */ = {
			isa = XCBuildConfiguration;
			buildSettings = {
				ALWAYS_EMBED_SWIFT_STANDARD_LIBRARIES = YES;
				BUNDLE_LOADER = "$(TEST_HOST)";
				INFOPLIST_FILE = LXXZBTests/Info.plist;
				LD_RUNPATH_SEARCH_PATHS = "$(inherited) @executable_path/Frameworks @loader_path/Frameworks";
				PRODUCT_BUNDLE_IDENTIFIER = lxx.LXXZBTests;
				PRODUCT_NAME = "$(TARGET_NAME)";
				SWIFT_VERSION = 3.0;
				TEST_HOST = "$(BUILT_PRODUCTS_DIR)/LXXZB.app/LXXZB";
			};
			name = Debug;
		};
		B54FC0EE1DB508E200CE1C20 /* Release */ = {
			isa = XCBuildConfiguration;
			buildSettings = {
				ALWAYS_EMBED_SWIFT_STANDARD_LIBRARIES = YES;
				BUNDLE_LOADER = "$(TEST_HOST)";
				INFOPLIST_FILE = LXXZBTests/Info.plist;
				LD_RUNPATH_SEARCH_PATHS = "$(inherited) @executable_path/Frameworks @loader_path/Frameworks";
				PRODUCT_BUNDLE_IDENTIFIER = lxx.LXXZBTests;
				PRODUCT_NAME = "$(TARGET_NAME)";
				SWIFT_VERSION = 3.0;
				TEST_HOST = "$(BUILT_PRODUCTS_DIR)/LXXZB.app/LXXZB";
			};
			name = Release;
		};
		B54FC0F01DB508E200CE1C20 /* Debug */ = {
			isa = XCBuildConfiguration;
			buildSettings = {
				ALWAYS_EMBED_SWIFT_STANDARD_LIBRARIES = YES;
				INFOPLIST_FILE = LXXZBUITests/Info.plist;
				LD_RUNPATH_SEARCH_PATHS = "$(inherited) @executable_path/Frameworks @loader_path/Frameworks";
				PRODUCT_BUNDLE_IDENTIFIER = lxx.LXXZBUITests;
				PRODUCT_NAME = "$(TARGET_NAME)";
				SWIFT_VERSION = 3.0;
				TEST_TARGET_NAME = LXXZB;
			};
			name = Debug;
		};
		B54FC0F11DB508E200CE1C20 /* Release */ = {
			isa = XCBuildConfiguration;
			buildSettings = {
				ALWAYS_EMBED_SWIFT_STANDARD_LIBRARIES = YES;
				INFOPLIST_FILE = LXXZBUITests/Info.plist;
				LD_RUNPATH_SEARCH_PATHS = "$(inherited) @executable_path/Frameworks @loader_path/Frameworks";
				PRODUCT_BUNDLE_IDENTIFIER = lxx.LXXZBUITests;
				PRODUCT_NAME = "$(TARGET_NAME)";
				SWIFT_VERSION = 3.0;
				TEST_TARGET_NAME = LXXZB;
			};
			name = Release;
		};
/* End XCBuildConfiguration section */

/* Begin XCConfigurationList section */
		B54FC0BC1DB508E200CE1C20 /* Build configuration list for PBXProject "LXXZB" */ = {
			isa = XCConfigurationList;
			buildConfigurations = (
				B54FC0E71DB508E200CE1C20 /* Debug */,
				B54FC0E81DB508E200CE1C20 /* Release */,
			);
			defaultConfigurationIsVisible = 0;
			defaultConfigurationName = Release;
		};
		B54FC0E91DB508E200CE1C20 /* Build configuration list for PBXNativeTarget "LXXZB" */ = {
			isa = XCConfigurationList;
			buildConfigurations = (
				B54FC0EA1DB508E200CE1C20 /* Debug */,
				B54FC0EB1DB508E200CE1C20 /* Release */,
			);
			defaultConfigurationIsVisible = 0;
			defaultConfigurationName = Release;
		};
		B54FC0EC1DB508E200CE1C20 /* Build configuration list for PBXNativeTarget "LXXZBTests" */ = {
			isa = XCConfigurationList;
			buildConfigurations = (
				B54FC0ED1DB508E200CE1C20 /* Debug */,
				B54FC0EE1DB508E200CE1C20 /* Release */,
			);
			defaultConfigurationIsVisible = 0;
			defaultConfigurationName = Release;
		};
		B54FC0EF1DB508E200CE1C20 /* Build configuration list for PBXNativeTarget "LXXZBUITests" */ = {
			isa = XCConfigurationList;
			buildConfigurations = (
				B54FC0F01DB508E200CE1C20 /* Debug */,
				B54FC0F11DB508E200CE1C20 /* Release */,
			);
			defaultConfigurationIsVisible = 0;
			defaultConfigurationName = Release;
		};
/* End XCConfigurationList section */
	};
	rootObject = B54FC0B91DB508E200CE1C20 /* Project object */;
}
